
Microsoft Visual Studio Solution File, Format Version 12.00
# Visual Studio 15
VisualStudioVersion = 15.0.27130.2036
MinimumVisualStudioVersion = 10.0.40219.1
Project("{FAE04EC0-301F-11D3-BF4B-00C04F79EFBC}") = "KeyLogger", "KeyLogger\KeyLogger.csproj", "{3C230646-90C3-4977-AFF3-A484AE3A4C83}"
EndProject
Project("{FAE04EC0-301F-11D3-BF4B-00C04F79EFBC}") = "WebProxy", "WebProxy\WebProxy.csproj", "{4AB77C92-B455-447D-AA84-C5AE0F5C21B8}"
EndProject
Project("{FAE04EC0-301F-11D3-BF4B-00C04F79EFBC}") = "PaswordManagerExplorer", "PaswordManagerExplorer\PaswordManagerExplorer.csproj", "{9C8A59C4-F44B-485B-97E4-5C652468A1D9}"
EndProject
Project("{FAE04EC0-301F-11D3-BF4B-00C04F79EFBC}") = "RatConsole", "RatConsole\RatConsole.csproj", "{E4CBBC4A-F823-4CB3-B98E-E0AFC642CDB3}"
EndProject
Project("{2150E333-8FDC-42A3-9474-1A3956D46DE8}") = "Libraries", "Libraries", "{F4530171-FF19-4D71-B214-911C2291D32F}"
EndProject
Project("{9A19103F-16F7-4668-BE54-9A1E7A4F7556}") = "LibHelper.Standard", "LibHelper.Standard\LibHelper.Standard.csproj", "{6589FD46-740C-4F3C-A16B-B1BEF1CCF240}"
EndProject
Project("{9A19103F-16F7-4668-BE54-9A1E7A4F7556}") = "LibMarkup.Standard", "LibMarkup.Standard\LibMarkup.Standard.csproj", "{BA5A7BC5-CDDB-4770-BA2F-FAA877276936}"
EndProject
Project("{FAE04EC0-301F-11D3-BF4B-00C04F79EFBC}") = "InsecureWeb", "InsecureWeb\InsecureWeb.csproj", "{9A83AA74-9DC5-4512-BFEC-A1163F6201D1}"
EndProject
Project("{FAE04EC0-301F-11D3-BF4B-00C04F79EFBC}") = "WickedWeb", "WickedWeb\WickedWeb.csproj", "{50764F33-9798-4502-8280-AF44A14C4C02}"
EndProject
Project("{2150E333-8FDC-42A3-9474-1A3956D46DE8}") = "Desktop", "Desktop", "{6AB27017-1D61-4013-B6EE-D9A870A702C5}"
EndProject
Project("{2150E333-8FDC-42A3-9474-1A3956D46DE8}") = "WebSites", "WebSites", "{0433BBFF-17FD-41B4-9C03-24091931B13E}"
EndProject
Project("{2150E333-8FDC-42A3-9474-1A3956D46DE8}") = "Scripts", "Scripts", "{0D7C5AA0-9E68-441C-B4E3-6231527FF07D}"
	ProjectSection(SolutionItems) = preProject
		Scripts\InsecureSite - db.sql = Scripts\InsecureSite - db.sql
	EndProjectSection
EndProject
Global
	GlobalSection(SolutionConfigurationPlatforms) = preSolution
		Debug|Any CPU = Debug|Any CPU
		Release|Any CPU = Release|Any CPU
	EndGlobalSection
	GlobalSection(ProjectConfigurationPlatforms) = postSolution
		{3C230646-90C3-4977-AFF3-A484AE3A4C83}.Debug|Any CPU.ActiveCfg = Debug|Any CPU
		{3C230646-90C3-4977-AFF3-A484AE3A4C83}.Debug|Any CPU.Build.0 = Debug|Any CPU
		{3C230646-90C3-4977-AFF3-A484AE3A4C83}.Release|Any CPU.ActiveCfg = Release|Any CPU
		{3C230646-90C3-4977-AFF3-A484AE3A4C83}.Release|Any CPU.Build.0 = Release|Any CPU
		{4AB77C92-B455-447D-AA84-C5AE0F5C21B8}.Debug|Any CPU.ActiveCfg = Debug|Any CPU
		{4AB77C92-B455-447D-AA84-C5AE0F5C21B8}.Debug|Any CPU.Build.0 = Debug|Any CPU
		{4AB77C92-B455-447D-AA84-C5AE0F5C21B8}.Release|Any CPU.ActiveCfg = Release|Any CPU
		{4AB77C92-B455-447D-AA84-C5AE0F5C21B8}.Release|Any CPU.Build.0 = Release|Any CPU
		{9C8A59C4-F44B-485B-97E4-5C652468A1D9}.Debug|Any CPU.ActiveCfg = Debug|Any CPU
		{9C8A59C4-F44B-485B-97E4-5C652468A1D9}.Debug|Any CPU.Build.0 = Debug|Any CPU
		{9C8A59C4-F44B-485B-97E4-5C652468A1D9}.Release|Any CPU.ActiveCfg = Release|Any CPU
		{9C8A59C4-F44B-485B-97E4-5C652468A1D9}.Release|Any CPU.Build.0 = Release|Any CPU
		{E4CBBC4A-F823-4CB3-B98E-E0AFC642CDB3}.Debug|Any CPU.ActiveCfg = Debug|Any CPU
		{E4CBBC4A-F823-4CB3-B98E-E0AFC642CDB3}.Debug|Any CPU.Build.0 = Debug|Any CPU
		{E4CBBC4A-F823-4CB3-B98E-E0AFC642CDB3}.Release|Any CPU.ActiveCfg = Release|Any CPU
		{E4CBBC4A-F823-4CB3-B98E-E0AFC642CDB3}.Release|Any CPU.Build.0 = Release|Any CPU
		{6589FD46-740C-4F3C-A16B-B1BEF1CCF240}.Debug|Any CPU.ActiveCfg = Debug|Any CPU
		{6589FD46-740C-4F3C-A16B-B1BEF1CCF240}.Debug|Any CPU.Build.0 = Debug|Any CPU
		{6589FD46-740C-4F3C-A16B-B1BEF1CCF240}.Release|Any CPU.ActiveCfg = Release|Any CPU
		{6589FD46-740C-4F3C-A16B-B1BEF1CCF240}.Release|Any CPU.Build.0 = Release|Any CPU
		{BA5A7BC5-CDDB-4770-BA2F-FAA877276936}.Debug|Any CPU.ActiveCfg = Debug|Any CPU
		{BA5A7BC5-CDDB-4770-BA2F-FAA877276936}.Debug|Any CPU.Build.0 = Debug|Any CPU
		{BA5A7BC5-CDDB-4770-BA2F-FAA877276936}.Release|Any CPU.ActiveCfg = Release|Any CPU
		{BA5A7BC5-CDDB-4770-BA2F-FAA877276936}.Release|Any CPU.Build.0 = Release|Any CPU
		{9A83AA74-9DC5-4512-BFEC-A1163F6201D1}.Debug|Any CPU.ActiveCfg = Debug|Any CPU
		{9A83AA74-9DC5-4512-BFEC-A1163F6201D1}.Debug|Any CPU.Build.0 = Debug|Any CPU
		{9A83AA74-9DC5-4512-BFEC-A1163F6201D1}.Release|Any CPU.ActiveCfg = Release|Any CPU
		{9A83AA74-9DC5-4512-BFEC-A1163F6201D1}.Release|Any CPU.Build.0 = Release|Any CPU
		{50764F33-9798-4502-8280-AF44A14C4C02}.Debug|Any CPU.ActiveCfg = Debug|Any CPU
		{50764F33-9798-4502-8280-AF44A14C4C02}.Debug|Any CPU.Build.0 = Debug|Any CPU
		{50764F33-9798-4502-8280-AF44A14C4C02}.Release|Any CPU.ActiveCfg = Release|Any CPU
		{50764F33-9798-4502-8280-AF44A14C4C02}.Release|Any CPU.Build.0 = Release|Any CPU
	EndGlobalSection
	GlobalSection(SolutionProperties) = preSolution
		HideSolutionNode = FALSE
	EndGlobalSection
	GlobalSection(NestedProjects) = preSolution
		{3C230646-90C3-4977-AFF3-A484AE3A4C83} = {6AB27017-1D61-4013-B6EE-D9A870A702C5}
		{4AB77C92-B455-447D-AA84-C5AE0F5C21B8} = {6AB27017-1D61-4013-B6EE-D9A870A702C5}
		{9C8A59C4-F44B-485B-97E4-5C652468A1D9} = {6AB27017-1D61-4013-B6EE-D9A870A702C5}
		{E4CBBC4A-F823-4CB3-B98E-E0AFC642CDB3} = {6AB27017-1D61-4013-B6EE-D9A870A702C5}
		{6589FD46-740C-4F3C-A16B-B1BEF1CCF240} = {F4530171-FF19-4D71-B214-911C2291D32F}
		{BA5A7BC5-CDDB-4770-BA2F-FAA877276936} = {F4530171-FF19-4D71-B214-911C2291D32F}
		{9A83AA74-9DC5-4512-BFEC-A1163F6201D1} = {0433BBFF-17FD-41B4-9C03-24091931B13E}
		{50764F33-9798-4502-8280-AF44A14C4C02} = {0433BBFF-17FD-41B4-9C03-24091931B13E}
	EndGlobalSection
	GlobalSection(ExtensibilityGlobals) = postSolution
		SolutionGuid = {87CA2056-12D8-4C19-96A5-DDFC1BE82C08}
	EndGlobalSection
EndGlobal
